{
  "name": "tjbot_ultrasonic",
  "version": "1.0.0",
  "lockfileVersion": 1,
  "requires": true,
  "dependencies": {
    "bindings": {
      "version": "1.3.0",
      "resolved": "https://registry.npmjs.org/bindings/-/bindings-1.3.0.tgz",
      "integrity": "sha512-DpLh5EzMR2kzvX1KIlVC0VkC3iZtHKTgdtZ0a3pglBZdaQFjt5S9g9xd1lE+YvXyfd6mtCeRnrUfOLYiTMlNSw=="
    },
    "nan": {
      "version": "2.7.0",
      "resolved": "https://registry.npmjs.org/nan/-/nan-2.7.0.tgz",
      "integrity": "sha1-2Vv3IeyHfgjbJ27T/G63j5CDrUY="
    },
    "pigpio": {
      "version": "0.6.3",
      "resolved": "https://registry.npmjs.org/pigpio/-/pigpio-0.6.3.tgz",
      "integrity": "sha512-DSuknJwp7OQAbeISO/tKoPqnN9O+GCGNP5Ued+Dpq47o75lCPoH+eNMmkHomYJbGKqmcIuBtKwNVh2rNVg1uqQ==",
      "requires": {
        "bindings": "1.3.0",
        "nan": "2.7.0"
      }
    },
    "sleep": {
      "version": "5.1.1",
      "resolved": "https://registry.npmjs.org/sleep/-/sleep-5.1.1.tgz",
      "integrity": "sha1-h4+h1E0I7rDyb7IBjvhinrGjq5Q=",
      "requires": {
        "nan": "2.7.0"
      }
    }
  }
}
